{
	"name": "biome-suppressed",
	"version": "1.2.0",
	"lockfileVersion": 3,
	"requires": true,
	"packages": {
		"": {
			"name": "biome-suppressed",
			"version": "1.2.0",
			"license": "MIT",
			"bin": {
				"biome-suppressed": "index.js",
				"bs": "index.js"
			},
			"devDependencies": {
				"@biomejs/biome": "^2.2.5",
				"ultracite": "^5.6.2"
			},
			"engines": {
				"node": ">=16.0.0"
			},
			"peerDependencies": {
				"@biomejs/biome": ">=1.0.0"
			}
		},
		"node_modules/@biomejs/biome": {
			"version": "2.2.5",
			"resolved": "https://registry.npmjs.org/@biomejs/biome/-/biome-2.2.5.tgz",
			"integrity": "sha512-zcIi+163Rc3HtyHbEO7CjeHq8DjQRs40HsGbW6vx2WI0tg8mYQOPouhvHSyEnCBAorfYNnKdR64/IxO7xQ5faw==",
			"dev": true,
			"bin": {
				"biome": "bin/biome"
			},
			"engines": {
				"node": ">=14.21.3"
			},
			"funding": {
				"type": "opencollective",
				"url": "https://opencollective.com/biome"
			},
			"optionalDependencies": {
				"@biomejs/cli-darwin-arm64": "2.2.5",
				"@biomejs/cli-darwin-x64": "2.2.5",
				"@biomejs/cli-linux-arm64": "2.2.5",
				"@biomejs/cli-linux-arm64-musl": "2.2.5",
				"@biomejs/cli-linux-x64": "2.2.5",
				"@biomejs/cli-linux-x64-musl": "2.2.5",
				"@biomejs/cli-win32-arm64": "2.2.5",
				"@biomejs/cli-win32-x64": "2.2.5"
			}
		},
		"node_modules/@biomejs/cli-darwin-arm64": {
			"version": "2.2.5",
			"resolved": "https://registry.npmjs.org/@biomejs/cli-darwin-arm64/-/cli-darwin-arm64-2.2.5.tgz",
			"integrity": "sha512-MYT+nZ38wEIWVcL5xLyOhYQQ7nlWD0b/4mgATW2c8dvq7R4OQjt/XGXFkXrmtWmQofaIM14L7V8qIz/M+bx5QQ==",
			"cpu": [
				"arm64"
			],
			"dev": true,
			"optional": true,
			"os": [
				"darwin"
			],
			"engines": {
				"node": ">=14.21.3"
			}
		},
		"node_modules/@biomejs/cli-darwin-x64": {
			"version": "2.2.5",
			"resolved": "https://registry.npmjs.org/@biomejs/cli-darwin-x64/-/cli-darwin-x64-2.2.5.tgz",
			"integrity": "sha512-FLIEl73fv0R7dI10EnEiZLw+IMz3mWLnF95ASDI0kbx6DDLJjWxE5JxxBfmG+udz1hIDd3fr5wsuP7nwuTRdAg==",
			"cpu": [
				"x64"
			],
			"dev": true,
			"optional": true,
			"os": [
				"darwin"
			],
			"engines": {
				"node": ">=14.21.3"
			}
		},
		"node_modules/@biomejs/cli-linux-arm64": {
			"version": "2.2.5",
			"resolved": "https://registry.npmjs.org/@biomejs/cli-linux-arm64/-/cli-linux-arm64-2.2.5.tgz",
			"integrity": "sha512-5DjiiDfHqGgR2MS9D+AZ8kOfrzTGqLKywn8hoXpXXlJXIECGQ32t+gt/uiS2XyGBM2XQhR6ztUvbjZWeccFMoQ==",
			"cpu": [
				"arm64"
			],
			"dev": true,
			"optional": true,
			"os": [
				"linux"
			],
			"engines": {
				"node": ">=14.21.3"
			}
		},
		"node_modules/@biomejs/cli-linux-arm64-musl": {
			"version": "2.2.5",
			"resolved": "https://registry.npmjs.org/@biomejs/cli-linux-arm64-musl/-/cli-linux-arm64-musl-2.2.5.tgz",
			"integrity": "sha512-5Ov2wgAFwqDvQiESnu7b9ufD1faRa+40uwrohgBopeY84El2TnBDoMNXx6iuQdreoFGjwW8vH6k68G21EpNERw==",
			"cpu": [
				"arm64"
			],
			"dev": true,
			"optional": true,
			"os": [
				"linux"
			],
			"engines": {
				"node": ">=14.21.3"
			}
		},
		"node_modules/@biomejs/cli-linux-x64": {
			"version": "2.2.5",
			"resolved": "https://registry.npmjs.org/@biomejs/cli-linux-x64/-/cli-linux-x64-2.2.5.tgz",
			"integrity": "sha512-fq9meKm1AEXeAWan3uCg6XSP5ObA6F/Ovm89TwaMiy1DNIwdgxPkNwxlXJX8iM6oRbFysYeGnT0OG8diCWb9ew==",
			"cpu": [
				"x64"
			],
			"dev": true,
			"optional": true,
			"os": [
				"linux"
			],
			"engines": {
				"node": ">=14.21.3"
			}
		},
		"node_modules/@biomejs/cli-linux-x64-musl": {
			"version": "2.2.5",
			"resolved": "https://registry.npmjs.org/@biomejs/cli-linux-x64-musl/-/cli-linux-x64-musl-2.2.5.tgz",
			"integrity": "sha512-AVqLCDb/6K7aPNIcxHaTQj01sl1m989CJIQFQEaiQkGr2EQwyOpaATJ473h+nXDUuAcREhccfRpe/tu+0wu0eQ==",
			"cpu": [
				"x64"
			],
			"dev": true,
			"optional": true,
			"os": [
				"linux"
			],
			"engines": {
				"node": ">=14.21.3"
			}
		},
		"node_modules/@biomejs/cli-win32-arm64": {
			"version": "2.2.5",
			"resolved": "https://registry.npmjs.org/@biomejs/cli-win32-arm64/-/cli-win32-arm64-2.2.5.tgz",
			"integrity": "sha512-xaOIad4wBambwJa6mdp1FigYSIF9i7PCqRbvBqtIi9y29QtPVQ13sDGtUnsRoe6SjL10auMzQ6YAe+B3RpZXVg==",
			"cpu": [
				"arm64"
			],
			"dev": true,
			"optional": true,
			"os": [
				"win32"
			],
			"engines": {
				"node": ">=14.21.3"
			}
		},
		"node_modules/@biomejs/cli-win32-x64": {
			"version": "2.2.5",
			"resolved": "https://registry.npmjs.org/@biomejs/cli-win32-x64/-/cli-win32-x64-2.2.5.tgz",
			"integrity": "sha512-F/jhuXCssPFAuciMhHKk00xnCAxJRS/pUzVfXYmOMUp//XW7mO6QeCjsjvnm8L4AO/dG2VOB0O+fJPiJ2uXtIw==",
			"cpu": [
				"x64"
			],
			"dev": true,
			"optional": true,
			"os": [
				"win32"
			],
			"engines": {
				"node": ">=14.21.3"
			}
		},
		"node_modules/@clack/core": {
			"version": "0.5.0",
			"resolved": "https://registry.npmjs.org/@clack/core/-/core-0.5.0.tgz",
			"integrity": "sha512-p3y0FIOwaYRUPRcMO7+dlmLh8PSRcrjuTndsiA0WAFbWES0mLZlrjVoBRZ9DzkPFJZG6KGkJmoEAY0ZcVWTkow==",
			"dev": true,
			"dependencies": {
				"picocolors": "^1.0.0",
				"sisteransi": "^1.0.5"
			}
		},
		"node_modules/@clack/prompts": {
			"version": "0.11.0",
			"resolved": "https://registry.npmjs.org/@clack/prompts/-/prompts-0.11.0.tgz",
			"integrity": "sha512-pMN5FcrEw9hUkZA4f+zLlzivQSeQf5dRGJjSUbvVYDLvpKCdQx5OaknvKzgbtXOizhP+SJJJjqEbOe55uKKfAw==",
			"dev": true,
			"dependencies": {
				"@clack/core": "0.5.0",
				"picocolors": "^1.0.0",
				"sisteransi": "^1.0.5"
			}
		},
		"node_modules/@trpc/server": {
			"version": "11.6.0",
			"resolved": "https://registry.npmjs.org/@trpc/server/-/server-11.6.0.tgz",
			"integrity": "sha512-skTso0AWbOZck40jwNeYv++AMZXNWLUWdyk+pB5iVaYmEKTuEeMoPrEudR12VafbEU6tZa8HK3QhBfTYYHDCdg==",
			"dev": true,
			"funding": [
				"https://trpc.io/sponsor"
			],
			"peerDependencies": {
				"typescript": ">=5.7.2"
			}
		},
		"node_modules/citty": {
			"version": "0.1.6",
			"resolved": "https://registry.npmjs.org/citty/-/citty-0.1.6.tgz",
			"integrity": "sha512-tskPPKEs8D2KPafUypv2gxwJP8h/OaJmC82QQGGDQcHvXX43xF2VDACcJVmZ0EuSxkpO9Kc4MlrA3q0+FG58AQ==",
			"dev": true,
			"dependencies": {
				"consola": "^3.2.3"
			}
		},
		"node_modules/commander": {
			"version": "14.0.1",
			"resolved": "https://registry.npmjs.org/commander/-/commander-14.0.1.tgz",
			"integrity": "sha512-2JkV3gUZUVrbNA+1sjBOYLsMZ5cEEl8GTFP2a4AVz5hvasAMCQ1D2l2le/cX+pV4N6ZU17zjUahLpIXRrnWL8A==",
			"dev": true,
			"engines": {
				"node": ">=20"
			}
		},
		"node_modules/confbox": {
			"version": "0.2.2",
			"resolved": "https://registry.npmjs.org/confbox/-/confbox-0.2.2.tgz",
			"integrity": "sha512-1NB+BKqhtNipMsov4xI/NnhCKp9XG9NamYp5PVm9klAT0fsrNPjaFICsCFhNhwZJKNh7zB/3q8qXz0E9oaMNtQ==",
			"dev": true
		},
		"node_modules/consola": {
			"version": "3.4.2",
			"resolved": "https://registry.npmjs.org/consola/-/consola-3.4.2.tgz",
			"integrity": "sha512-5IKcdX0nnYavi6G7TtOhwkYzyjfJlatbjMjuLSfE2kYT5pMDOilZ4OvMhi637CcDICTmz3wARPoyhqyX1Y+XvA==",
			"dev": true,
			"engines": {
				"node": "^14.18.0 || >=16.10.0"
			}
		},
		"node_modules/deepmerge": {
			"version": "4.3.1",
			"resolved": "https://registry.npmjs.org/deepmerge/-/deepmerge-4.3.1.tgz",
			"integrity": "sha512-3sUqbMEc77XqpdNO7FRyRog+eW3ph+GYCbj+rK+uYyRMuwsVy0rMiVtPn+QJlKFvWP/1PYpapqYn0Me2knFn+A==",
			"dev": true,
			"engines": {
				"node": ">=0.10.0"
			}
		},
		"node_modules/exsolve": {
			"version": "1.0.7",
			"resolved": "https://registry.npmjs.org/exsolve/-/exsolve-1.0.7.tgz",
			"integrity": "sha512-VO5fQUzZtI6C+vx4w/4BWJpg3s/5l+6pRQEHzFRM8WFi4XffSP1Z+4qi7GbjWbvRQEbdIco5mIMq+zX4rPuLrw==",
			"dev": true
		},
		"node_modules/jsonc-parser": {
			"version": "3.3.1",
			"resolved": "https://registry.npmjs.org/jsonc-parser/-/jsonc-parser-3.3.1.tgz",
			"integrity": "sha512-HUgH65KyejrUFPvHFPbqOY0rsFip3Bo5wb4ngvdi1EpCYWUQDC5V+Y7mZws+DLkr4M//zQJoanu1SP+87Dv1oQ==",
			"dev": true
		},
		"node_modules/nypm": {
			"version": "0.6.2",
			"resolved": "https://registry.npmjs.org/nypm/-/nypm-0.6.2.tgz",
			"integrity": "sha512-7eM+hpOtrKrBDCh7Ypu2lJ9Z7PNZBdi/8AT3AX8xoCj43BBVHD0hPSTEvMtkMpfs8FCqBGhxB+uToIQimA111g==",
			"dev": true,
			"dependencies": {
				"citty": "^0.1.6",
				"consola": "^3.4.2",
				"pathe": "^2.0.3",
				"pkg-types": "^2.3.0",
				"tinyexec": "^1.0.1"
			},
			"bin": {
				"nypm": "dist/cli.mjs"
			},
			"engines": {
				"node": "^14.16.0 || >=16.10.0"
			}
		},
		"node_modules/pathe": {
			"version": "2.0.3",
			"resolved": "https://registry.npmjs.org/pathe/-/pathe-2.0.3.tgz",
			"integrity": "sha512-WUjGcAqP1gQacoQe+OBJsFA7Ld4DyXuUIjZ5cc75cLHvJ7dtNsTugphxIADwspS+AraAUePCKrSVtPLFj/F88w==",
			"dev": true
		},
		"node_modules/picocolors": {
			"version": "1.1.1",
			"resolved": "https://registry.npmjs.org/picocolors/-/picocolors-1.1.1.tgz",
			"integrity": "sha512-xceH2snhtb5M9liqDsmEw56le376mTZkEX/jEb/RxNFyegNul7eNslCXP9FDj/Lcu0X8KEyMceP2ntpaHrDEVA==",
			"dev": true
		},
		"node_modules/pkg-types": {
			"version": "2.3.0",
			"resolved": "https://registry.npmjs.org/pkg-types/-/pkg-types-2.3.0.tgz",
			"integrity": "sha512-SIqCzDRg0s9npO5XQ3tNZioRY1uK06lA41ynBC1YmFTmnY6FjUjVt6s4LoADmwoig1qqD0oK8h1p/8mlMx8Oig==",
			"dev": true,
			"dependencies": {
				"confbox": "^0.2.2",
				"exsolve": "^1.0.7",
				"pathe": "^2.0.3"
			}
		},
		"node_modules/sisteransi": {
			"version": "1.0.5",
			"resolved": "https://registry.npmjs.org/sisteransi/-/sisteransi-1.0.5.tgz",
			"integrity": "sha512-bLGGlR1QxBcynn2d5YmDX4MGjlZvy2MRBDRNHLJ8VI6l6+9FUiyTFNJ0IveOSP0bcXgVDPRcfGqA0pjaqUpfVg==",
			"dev": true
		},
		"node_modules/tinyexec": {
			"version": "1.0.1",
			"resolved": "https://registry.npmjs.org/tinyexec/-/tinyexec-1.0.1.tgz",
			"integrity": "sha512-5uC6DDlmeqiOwCPmK9jMSdOuZTh8bU39Ys6yidB+UTt5hfZUPGAypSgFRiEp+jbi9qH40BLDvy85jIU88wKSqw==",
			"dev": true
		},
		"node_modules/trpc-cli": {
			"version": "0.11.0",
			"resolved": "https://registry.npmjs.org/trpc-cli/-/trpc-cli-0.11.0.tgz",
			"integrity": "sha512-cFt5LVl1EzwmhZtWa6xPBWr6rgLXGgEOqmcTMIYcI6fLQE1REgu6tS55LmqUJs5kVSXrOd1z5/aufJS71xUUyA==",
			"dev": true,
			"dependencies": {
				"commander": "^14.0.0"
			},
			"bin": {
				"trpc-cli": "dist/bin.js"
			},
			"engines": {
				"node": ">=18"
			},
			"peerDependencies": {
				"@orpc/server": "^1.0.0",
				"@trpc/server": "^10.45.2 || ^11.0.1",
				"@valibot/to-json-schema": "^1.1.0",
				"effect": "^3.14.2 || ^4.0.0",
				"valibot": "^1.1.0",
				"zod": "^3.24.0 || ^4.0.0"
			},
			"peerDependenciesMeta": {
				"@orpc/server": {
					"optional": true
				},
				"@trpc/server": {
					"optional": true
				},
				"@valibot/to-json-schema": {
					"optional": true
				},
				"effect": {
					"optional": true
				},
				"valibot": {
					"optional": true
				},
				"zod": {
					"optional": true
				}
			}
		},
		"node_modules/typescript": {
			"version": "5.9.3",
			"resolved": "https://registry.npmjs.org/typescript/-/typescript-5.9.3.tgz",
			"integrity": "sha512-jl1vZzPDinLr9eUt3J/t7V6FgNEw9QjvBPdysz9KfQDD41fQrC2Y4vKQdiaUpFT4bXlb1RHhLpp8wtm6M5TgSw==",
			"dev": true,
			"peer": true,
			"bin": {
				"tsc": "bin/tsc",
				"tsserver": "bin/tsserver"
			},
			"engines": {
				"node": ">=14.17"
			}
		},
		"node_modules/ultracite": {
			"version": "5.6.2",
			"resolved": "https://registry.npmjs.org/ultracite/-/ultracite-5.6.2.tgz",
			"integrity": "sha512-ku0OhXCE8P7HZ8eUghFxhWroNiDTGv+5sKOgtyeTuOIvdfyyhVie5ijG/qFcleDOq5nvENolj/y51SJ5ddXbfw==",
			"dev": true,
			"dependencies": {
				"@clack/prompts": "^0.11.0",
				"@trpc/server": "^11.6.0",
				"deepmerge": "^4.3.1",
				"jsonc-parser": "^3.3.1",
				"nypm": "^0.6.2",
				"trpc-cli": "^0.11.0",
				"zod": "^4.1.12"
			},
			"bin": {
				"ultracite": "dist/index.js"
			}
		},
		"node_modules/zod": {
			"version": "4.1.12",
			"resolved": "https://registry.npmjs.org/zod/-/zod-4.1.12.tgz",
			"integrity": "sha512-JInaHOamG8pt5+Ey8kGmdcAcg3OL9reK8ltczgHTAwNhMys/6ThXHityHxVV2p3fkw/c+MAvBHFVYHFZDmjMCQ==",
			"dev": true,
			"funding": {
				"url": "https://github.com/sponsors/colinhacks"
			}
		}
	}
}
